
Microsoft Visual Studio Solution File, Format Version 12.00
# Visual Studio Version 17
VisualStudioVersion = 17.1.32104.313
MinimumVisualStudioVersion = 10.0.40219.1
Project("{FAE04EC0-301F-11D3-BF4B-00C04F79EFBC}") = "PortfolioBalancerServer", "PortfolioBalancerServer.csproj", "{4AF29A12-A491-43C5-B5C3-DC3D14FBA48E}"
EndProject
Global
	GlobalSection(SolutionConfigurationPlatforms) = preSolution
		Debug|Any CPU = Debug|Any CPU
		Release|Any CPU = Release|Any CPU
	EndGlobalSection
	GlobalSection(ProjectConfigurationPlatforms) = postSolution
		{4AF29A12-A491-43C5-B5C3-DC3D14FBA48E}.Debug|Any CPU.ActiveCfg = Debug|Any CPU
		{4AF29A12-A491-43C5-B5C3-DC3D14FBA48E}.Debug|Any CPU.Build.0 = Debug|Any CPU
		{4AF29A12-A491-43C5-B5C3-DC3D14FBA48E}.Release|Any CPU.ActiveCfg = Release|Any CPU
		{4AF29A12-A491-43C5-B5C3-DC3D14FBA48E}.Release|Any CPU.Build.0 = Release|Any CPU
	EndGlobalSection
	GlobalSection(SolutionProperties) = preSolution
		HideSolutionNode = FALSE
	EndGlobalSection
	GlobalSection(ExtensibilityGlobals) = postSolution
		SolutionGuid = {92C0E19E-C07D-4A6D-8EA7-745511A1DF2E}
	EndGlobalSection
EndGlobal
